Microsoft Visual Studio Solution File, Format Version 12.00
# Visual Studio Version 17
VisualStudioVersion = 17.5.2.0
MinimumVisualStudioVersion = 10.0.40219.1
Project("{FAE04EC0-301F-11D3-BF4B-00C04F79EFBC}") = "Tarea1", "Tarea1.csproj", "{797114C8-B599-8E9E-656D-57E6E0F17148}"
EndProject
Global
	GlobalSection(SolutionConfigurationPlatforms) = preSolution
		Debug|Any CPU = Debug|Any CPU
		Release|Any CPU = Release|Any CPU
	EndGlobalSection
	GlobalSection(ProjectConfigurationPlatforms) = postSolution
		{797114C8-B599-8E9E-656D-57E6E0F17148}.Debug|Any CPU.ActiveCfg = Debug|Any CPU
		{797114C8-B599-8E9E-656D-57E6E0F17148}.Debug|Any CPU.Build.0 = Debug|Any CPU
		{797114C8-B599-8E9E-656D-57E6E0F17148}.Release|Any CPU.ActiveCfg = Release|Any CPU
		{797114C8-B599-8E9E-656D-57E6E0F17148}.Release|Any CPU.Build.0 = Release|Any CPU
	EndGlobalSection
	GlobalSection(SolutionProperties) = preSolution
		HideSolutionNode = FALSE
	EndGlobalSection
	GlobalSection(ExtensibilityGlobals) = postSolution
		SolutionGuid = {BD97C1C9-16EF-4B99-95E6-659C0FE00F00}
	EndGlobalSection
EndGlobal
