Microsoft Visual Studio Solution File, Format Version 12.00
# Visual Studio Version 17
VisualStudioVersion = 17.5.2.0
MinimumVisualStudioVersion = 10.0.40219.1
Project("{FAE04EC0-301F-11D3-BF4B-00C04F79EFBC}") = "Tarea5", "Tarea5.csproj", "{22DC0DAB-58E4-0F13-F40B-AACBA83C497C}"
EndProject
Global
	GlobalSection(SolutionConfigurationPlatforms) = preSolution
		Debug|Any CPU = Debug|Any CPU
		Release|Any CPU = Release|Any CPU
	EndGlobalSection
	GlobalSection(ProjectConfigurationPlatforms) = postSolution
		{22DC0DAB-58E4-0F13-F40B-AACBA83C497C}.Debug|Any CPU.ActiveCfg = Debug|Any CPU
		{22DC0DAB-58E4-0F13-F40B-AACBA83C497C}.Debug|Any CPU.Build.0 = Debug|Any CPU
		{22DC0DAB-58E4-0F13-F40B-AACBA83C497C}.Release|Any CPU.ActiveCfg = Release|Any CPU
		{22DC0DAB-58E4-0F13-F40B-AACBA83C497C}.Release|Any CPU.Build.0 = Release|Any CPU
	EndGlobalSection
	GlobalSection(SolutionProperties) = preSolution
		HideSolutionNode = FALSE
	EndGlobalSection
	GlobalSection(ExtensibilityGlobals) = postSolution
		SolutionGuid = {ADF9E148-1FE1-4F83-A999-2ECE9E503545}
	EndGlobalSection
EndGlobal
